dependencies:
- name: apollo-router
  repository: file://../charts/apollo-router
  version: 1.0.0
- name: inventory-service
  repository: file://../charts/inventory-service
  version: 1.0.0
- name: notification-service
  repository: file://../charts/notification-service
  version: 1.0.0
- name: orders-service
  repository: file://../charts/orders-service
  version: 1.0.0
- name: products-service
  repository: file://../charts/products-service
  version: 1.0.0
digest: sha256:7cacb7728384a5a46c08763a474db37637cd58e902a791d76e2a31bda58e5572
generated: "2026-09-26T11:46:50.824845-06:00"
